// !$*UTF8*$!
{
	archiveVersion = 1;
	classes = {
	};
	objectVersion = 48;
	objects = {

/* Begin PBXBuildFile section */
		60F8DF2D1FFBB5C0009A2CDD /* AppDelegate.swift in Sources */ = {isa = PBXBuildFile; fileRef = 60F8DF2C1FFBB5C0009A2CDD /* AppDelegate.swift */; };
		60F8DF2F1FFBB5C0009A2CDD /* ViewController.swift in Sources */ = {isa = PBXBuildFile; fileRef = 60F8DF2E1FFBB5C0009A2CDD /* ViewController.swift */; };
		60F8DF321FFBB5C0009A2CDD /* Main.storyboard in Resources */ = {isa = PBXBuildFile; fileRef = 60F8DF301FFBB5C0009A2CDD /* Main.storyboard */; };
		60F8DF341FFBB5C0009A2CDD /* Assets.xcassets in Resources */ = {isa = PBXBuildFile; fileRef = 60F8DF331FFBB5C0009A2CDD /* Assets.xcassets */; };
		60F8DF371FFBB5C0009A2CDD /* LaunchScreen.storyboard in Resources */ = {isa = PBXBuildFile; fileRef = 60F8DF351FFBB5C0009A2CDD /* LaunchScreen.storyboard */; };
		60F8DF421FFBB5C0009A2CDD /* SnakeGameTests.swift in Sources */ = {isa = PBXBuildFile; fileRef = 60F8DF411FFBB5C0009A2CDD /* SnakeGameTests.swift */; };
		60F8DF4D1FFBB5C0009A2CDD /* SnakeGameUITests.swift in Sources */ = {isa = PBXBuildFile; fileRef = 60F8DF4C1FFBB5C0009A2CDD /* SnakeGameUITests.swift */; };
		60F8DF5B1FFC00CC009A2CDD /* Snake.swift in Sources */ = {isa = PBXBuildFile; fileRef = 60F8DF5A1FFC00CC009A2CDD /* Snake.swift */; };
		60F8DF5D1FFC315F009A2CDD /* Directions.swift in Sources */ = {isa = PBXBuildFile; fileRef = 60F8DF5C1FFC315F009A2CDD /* Directions.swift */; };
		60F8DF5F1FFC504D009A2CDD /* MapView.swift in Sources */ = {isa = PBXBuildFile; fileRef = 60F8DF5E1FFC504D009A2CDD /* MapView.swift */; };
/* End PBXBuildFile section */

/* Begin PBXContainerItemProxy section */
		60F8DF3E1FFBB5C0009A2CDD /* PBXContainerItemProxy */ = {
			isa = PBXContainerItemProxy;
			containerPortal = 60F8DF211FFBB5C0009A2CDD /* Project object */;
			proxyType = 1;
			remoteGlobalIDString = 60F8DF281FFBB5C0009A2CDD;
			remoteInfo = SnakeGame;
		};
		60F8DF491FFBB5C0009A2CDD /* PBXContainerItemProxy */ = {
			isa = PBXContainerItemProxy;
			containerPortal = 60F8DF211FFBB5C0009A2CDD /* Project object */;
			proxyType = 1;
			remoteGlobalIDString = 60F8DF281FFBB5C0009A2CDD;
			remoteInfo = SnakeGame;
		};
/* End PBXContainerItemProxy section */

/* Begin PBXFileReference section */
		60F8DF291FFBB5C0009A2CDD /* SnakeGame.app */ = {isa = PBXFileReference; explicitFileType = wrapper.application; includeInIndex = 0; path = SnakeGame.app; sourceTree = BUILT_PRODUCTS_DIR; };
		60F8DF2C1FFBB5C0009A2CDD /* AppDelegate.swift */ = {isa = PBXFileReference; lastKnownFileType = sourcecode.swift; path = AppDelegate.swift; sourceTree = "<group>"; };
		60F8DF2E1FFBB5C0009A2CDD /* ViewController.swift */ = {isa = PBXFileReference; lastKnownFileType = sourcecode.swift; path = ViewController.swift; sourceTree = "<group>"; };
		60F8DF311FFBB5C0009A2CDD /* Base */ = {isa = PBXFileReference; lastKnownFileType = file.storyboard; name = Base; path = Base.lproj/Main.storyboard; sourceTree = "<group>"; };
		60F8DF331FFBB5C0009A2CDD /* Assets.xcassets */ = {isa = PBXFileReference; lastKnownFileType = folder.assetcatalog; path = Assets.xcassets; sourceTree = "<group>"; };
		60F8DF361FFBB5C0009A2CDD /* Base */ = {isa = PBXFileReference; lastKnownFileType = file.storyboard; name = Base; path = Base.lproj/LaunchScreen.storyboard; sourceTree = "<group>"; };
		60F8DF381FFBB5C0009A2CDD /* Info.plist */ = {isa = PBXFileReference; lastKnownFileType = text.plist.xml; path = Info.plist; sourceTree = "<group>"; };
		60F8DF3D1FFBB5C0009A2CDD /* SnakeGameTests.xctest */ = {isa = PBXFileReference; explicitFileType = wrapper.cfbundle; includeInIndex = 0; path = SnakeGameTests.xctest; sourceTree = BUILT_PRODUCTS_DIR; };
		60F8DF411FFBB5C0009A2CDD /* SnakeGameTests.swift */ = {isa = PBXFileReference; lastKnownFileType = sourcecode.swift; path = SnakeGameTests.swift; sourceTree = "<group>"; };
		60F8DF431FFBB5C0009A2CDD /* Info.plist */ = {isa = PBXFileReference; lastKnownFileType = text.plist.xml; path = Info.plist; sourceTree = "<group>"; };
		60F8DF481FFBB5C0009A2CDD /* SnakeGameUITests.xctest */ = {isa = PBXFileReference; explicitFileType = wrapper.cfbundle; includeInIndex = 0; path = SnakeGameUITests.xctest; sourceTree = BUILT_PRODUCTS_DIR; };
		60F8DF4C1FFBB5C0009A2CDD /* SnakeGameUITests.swift */ = {isa = PBXFileReference; lastKnownFileType = sourcecode.swift; path = SnakeGameUITests.swift; sourceTree = "<group>"; };
		60F8DF4E1FFBB5C0009A2CDD /* Info.plist */ = {isa = PBXFileReference; lastKnownFileType = text.plist.xml; path = Info.plist; sourceTree = "<group>"; };
		60F8DF5A1FFC00CC009A2CDD /* Snake.swift */ = {isa = PBXFileReference; lastKnownFileType = sourcecode.swift; path = Snake.swift; sourceTree = "<group>"; };
		60F8DF5C1FFC315F009A2CDD /* Directions.swift */ = {isa = PBXFileReference; lastKnownFileType = sourcecode.swift; path = Directions.swift; sourceTree = "<group>"; };
		60F8DF5E1FFC504D009A2CDD /* MapView.swift */ = {isa = PBXFileReference; lastKnownFileType = sourcecode.swift; path = MapView.swift; sourceTree = "<group>"; };
/* End PBXFileReference section */

/* Begin PBXFrameworksBuildPhase section */
		60F8DF261FFBB5C0009A2CDD /* Frameworks */ = {
			isa = PBXFrameworksBuildPhase;
			buildActionMask = 2147483647;
			files = (
			);
			runOnlyForDeploymentPostprocessing = 0;
		};
		60F8DF3A1FFBB5C0009A2CDD /* Frameworks */ = {
			isa = PBXFrameworksBuildPhase;
			buildActionMask = 2147483647;
			files = (
			);
			runOnlyForDeploymentPostprocessing = 0;
		};
		60F8DF451FFBB5C0009A2CDD /* Frameworks */ = {
			isa = PBXFrameworksBuildPhase;
			buildActionMask = 2147483647;
			files = (
			);
			runOnlyForDeploymentPostprocessing = 0;
		};
/* End PBXFrameworksBuildPhase section */

/* Begin PBXGroup section */
		60F8DF201FFBB5C0009A2CDD = {
			isa = PBXGroup;
			children = (
				60F8DF2B1FFBB5C0009A2CDD /* SnakeGame */,
				60F8DF401FFBB5C0009A2CDD /* SnakeGameTests */,
				60F8DF4B1FFBB5C0009A2CDD /* SnakeGameUITests */,
				60F8DF2A1FFBB5C0009A2CDD /* Products */,
			);
			sourceTree = "<group>";
		};
		60F8DF2A1FFBB5C0009A2CDD /* Products */ = {
			isa = PBXGroup;
			children = (
				60F8DF291FFBB5C0009A2CDD /* SnakeGame.app */,
				60F8DF3D1FFBB5C0009A2CDD /* SnakeGameTests.xctest */,
				60F8DF481FFBB5C0009A2CDD /* SnakeGameUITests.xctest */,
			);
			name = Products;
			sourceTree = "<group>";
		};
		60F8DF2B1FFBB5C0009A2CDD /* SnakeGame */ = {
			isa = PBXGroup;
			children = (
				60F8DF2C1FFBB5C0009A2CDD /* AppDelegate.swift */,
				60F8DF2E1FFBB5C0009A2CDD /* ViewController.swift */,
				60F8DF301FFBB5C0009A2CDD /* Main.storyboard */,
				60F8DF331FFBB5C0009A2CDD /* Assets.xcassets */,
				60F8DF351FFBB5C0009A2CDD /* LaunchScreen.storyboard */,
				60F8DF381FFBB5C0009A2CDD /* Info.plist */,
				60F8DF5A1FFC00CC009A2CDD /* Snake.swift */,
				60F8DF5C1FFC315F009A2CDD /* Directions.swift */,
				60F8DF5E1FFC504D009A2CDD /* MapView.swift */,
			);
			path = SnakeGame;
			sourceTree = "<group>";
		};
		60F8DF401FFBB5C0009A2CDD /* SnakeGameTests */ = {
			isa = PBXGroup;
			children = (
				60F8DF411FFBB5C0009A2CDD /* SnakeGameTests.swift */,
				60F8DF431FFBB5C0009A2CDD /* Info.plist */,
			);
			path = SnakeGameTests;
			sourceTree = "<group>";
		};
		60F8DF4B1FFBB5C0009A2CDD /* SnakeGameUITests */ = {
			isa = PBXGroup;
			children = (
				60F8DF4C1FFBB5C0009A2CDD /* SnakeGameUITests.swift */,
				60F8DF4E1FFBB5C0009A2CDD /* Info.plist */,
			);
			path = SnakeGameUITests;
			sourceTree = "<group>";
		};
/* End PBXGroup section */

/* Begin PBXNativeTarget section */
		60F8DF281FFBB5C0009A2CDD /* SnakeGame */ = {
			isa = PBXNativeTarget;
			buildConfigurationList = 60F8DF511FFBB5C0009A2CDD /* Build configuration list for PBXNativeTarget "SnakeGame" */;
			buildPhases = (
				60F8DF251FFBB5C0009A2CDD /* Sources */,
				60F8DF261FFBB5C0009A2CDD /* Frameworks */,
				60F8DF271FFBB5C0009A2CDD /* Resources */,
			);
			buildRules = (
			);
			dependencies = (
			);
			name = SnakeGame;
			productName = SnakeGame;
			productReference = 60F8DF291FFBB5C0009A2CDD /* SnakeGame.app */;
			productType = "com.apple.product-type.application";
		};
		60F8DF3C1FFBB5C0009A2CDD /* SnakeGameTests */ = {
			isa = PBXNativeTarget;
			buildConfigurationList = 60F8DF541FFBB5C0009A2CDD /* Build configuration list for PBXNativeTarget "SnakeGameTests" */;
			buildPhases = (
				60F8DF391FFBB5C0009A2CDD /* Sources */,
				60F8DF3A1FFBB5C0009A2CDD /* Frameworks */,
				60F8DF3B1FFBB5C0009A2CDD /* Resources */,
			);
			buildRules = (
			);
			dependencies = (
				60F8DF3F1FFBB5C0009A2CDD /* PBXTargetDependency */,
			);
			name = SnakeGameTests;
			productName = SnakeGameTests;
			productReference = 60F8DF3D1FFBB5C0009A2CDD /* SnakeGameTests.xctest */;
			productType = "com.apple.product-type.bundle.unit-test";
		};
		60F8DF471FFBB5C0009A2CDD /* SnakeGameUITests */ = {
			isa = PBXNativeTarget;
			buildConfigurationList = 60F8DF571FFBB5C0009A2CDD /* Build configuration list for PBXNativeTarget "SnakeGameUITests" */;
			buildPhases = (
				60F8DF441FFBB5C0009A2CDD /* Sources */,
				60F8DF451FFBB5C0009A2CDD /* Frameworks */,
				60F8DF461FFBB5C0009A2CDD /* Resources */,
			);
			buildRules = (
			);
			dependencies = (
				60F8DF4A1FFBB5C0009A2CDD /* PBXTargetDependency */,
			);
			name = SnakeGameUITests;
			productName = SnakeGameUITests;
			productReference = 60F8DF481FFBB5C0009A2CDD /* SnakeGameUITests.xctest */;
			productType = "com.apple.product-type.bundle.ui-testing";
		};
/* End PBXNativeTarget section */

/* Begin PBXProject section */
		60F8DF211FFBB5C0009A2CDD /* Project object */ = {
			isa = PBXProject;
			attributes = {
				LastSwiftUpdateCheck = 0920;
				LastUpgradeCheck = 0920;
				ORGANIZATIONNAME = "Rodrigo Labronici";
				TargetAttributes = {
					60F8DF281FFBB5C0009A2CDD = {
						CreatedOnToolsVersion = 9.2;
						ProvisioningStyle = Automatic;
					};
					60F8DF3C1FFBB5C0009A2CDD = {
						CreatedOnToolsVersion = 9.2;
						ProvisioningStyle = Automatic;
						TestTargetID = 60F8DF281FFBB5C0009A2CDD;
					};
					60F8DF471FFBB5C0009A2CDD = {
						CreatedOnToolsVersion = 9.2;
						ProvisioningStyle = Automatic;
						TestTargetID = 60F8DF281FFBB5C0009A2CDD;
					};
				};
			};
			buildConfigurationList = 60F8DF241FFBB5C0009A2CDD /* Build configuration list for PBXProject "SnakeGame" */;
			compatibilityVersion = "Xcode 8.0";
			developmentRegion = en;
			hasScannedForEncodings = 0;
			knownRegions = (
				en,
				Base,
			);
			mainGroup = 60F8DF201FFBB5C0009A2CDD;
			productRefGroup = 60F8DF2A1FFBB5C0009A2CDD /* Products */;
			projectDirPath = "";
			projectRoot = "";
			targets = (
				60F8DF281FFBB5C0009A2CDD /* SnakeGame */,
				60F8DF3C1FFBB5C0009A2CDD /* SnakeGameTests */,
				60F8DF471FFBB5C0009A2CDD /* SnakeGameUITests */,
			);
		};
/* End PBXProject section */

/* Begin PBXResourcesBuildPhase section */
		60F8DF271FFBB5C0009A2CDD /* Resources */ = {
			isa = PBXResourcesBuildPhase;
			buildActionMask = 2147483647;
			files = (
				60F8DF371FFBB5C0009A2CDD /* LaunchScreen.storyboard in Resources */,
				60F8DF341FFBB5C0009A2CDD /* Assets.xcassets in Resources */,
				60F8DF321FFBB5C0009A2CDD /* Main.storyboard in Resources */,
			);
			runOnlyForDeploymentPostprocessing = 0;
		};
		60F8DF3B1FFBB5C0009A2CDD /* Resources */ = {
			isa = PBXResourcesBuildPhase;
			buildActionMask = 2147483647;
			files = (
			);
			runOnlyForDeploymentPostprocessing = 0;
		};
		60F8DF461FFBB5C0009A2CDD /* Resources */ = {
			isa = PBXResourcesBuildPhase;
			buildActionMask = 2147483647;
			files = (
			);
			runOnlyForDeploymentPostprocessing = 0;
		};
/* End PBXResourcesBuildPhase section */

/* Begin PBXSourcesBuildPhase section */
		60F8DF251FFBB5C0009A2CDD /* Sources */ = {
			isa = PBXSourcesBuildPhase;
			buildActionMask = 2147483647;
			files = (
				60F8DF2F1FFBB5C0009A2CDD /* ViewController.swift in Sources */,
				60F8DF2D1FFBB5C0009A2CDD /* AppDelegate.swift in Sources */,
				60F8DF5F1FFC504D009A2CDD /* MapView.swift in Sources */,
				60F8DF5B1FFC00CC009A2CDD /* Snake.swift in Sources */,
				60F8DF5D1FFC315F009A2CDD /* Directions.swift in Sources */,
			);
			runOnlyForDeploymentPostprocessing = 0;
		};
		60F8DF391FFBB5C0009A2CDD /* Sources */ = {
			isa = PBXSourcesBuildPhase;
			buildActionMask = 2147483647;
			files = (
				60F8DF421FFBB5C0009A2CDD /* SnakeGameTests.swift in Sources */,
			);
			runOnlyForDeploymentPostprocessing = 0;
		};
		60F8DF441FFBB5C0009A2CDD /* Sources */ = {
			isa = PBXSourcesBuildPhase;
			buildActionMask = 2147483647;
			files = (
				60F8DF4D1FFBB5C0009A2CDD /* SnakeGameUITests.swift in Sources */,
			);
			runOnlyForDeploymentPostprocessing = 0;
		};
/* End PBXSourcesBuildPhase section */

/* Begin PBXTargetDependency section */
		60F8DF3F1FFBB5C0009A2CDD /* PBXTargetDependency */ = {
			isa = PBXTargetDependency;
			target = 60F8DF281FFBB5C0009A2CDD /* SnakeGame */;
			targetProxy = 60F8DF3E1FFBB5C0009A2CDD /* PBXContainerItemProxy */;
		};
		60F8DF4A1FFBB5C0009A2CDD /* PBXTargetDependency */ = {
			isa = PBXTargetDependency;
			target = 60F8DF281FFBB5C0009A2CDD /* SnakeGame */;
			targetProxy = 60F8DF491FFBB5C0009A2CDD /* PBXContainerItemProxy */;
		};
/* End PBXTargetDependency section */

/* Begin PBXVariantGroup section */
		60F8DF301FFBB5C0009A2CDD /* Main.storyboard */ = {
			isa = PBXVariantGroup;
			children = (
				60F8DF311FFBB5C0009A2CDD /* Base */,
			);
			name = Main.storyboard;
			sourceTree = "<group>";
		};
		60F8DF351FFBB5C0009A2CDD /* LaunchScreen.storyboard */ = {
			isa = PBXVariantGroup;
			children = (
				60F8DF361FFBB5C0009A2CDD /* Base */,
			);
			name = LaunchScreen.storyboard;
			sourceTree = "<group>";
		};
/* End PBXVariantGroup section */

/* Begin XCBuildConfiguration section */
		60F8DF4F1FFBB5C0009A2CDD /* Debug */ = {
			isa = XCBuildConfiguration;
			buildSettings = {
				ALWAYS_SEARCH_USER_PATHS = NO;
				CLANG_ANALYZER_NONNULL = YES;
				CLANG_ANALYZER_NUMBER_OBJECT_CONVERSION = YES_AGGRESSIVE;
				CLANG_CXX_LANGUAGE_STANDARD = "gnu++14";
				CLANG_CXX_LIBRARY = "libc++";
				CLANG_ENABLE_MODULES = YES;
				CLANG_ENABLE_OBJC_ARC = YES;
				CLANG_WARN_BLOCK_CAPTURE_AUTORELEASING = YES;
				CLANG_WARN_BOOL_CONVERSION = YES;
				CLANG_WARN_COMMA = YES;
				CLANG_WARN_CONSTANT_CONVERSION = YES;
				CLANG_WARN_DIRECT_OBJC_ISA_USAGE = YES_ERROR;
				CLANG_WARN_DOCUMENTATION_COMMENTS = YES;
				CLANG_WARN_EMPTY_BODY = YES;
				CLANG_WARN_ENUM_CONVERSION = YES;
				CLANG_WARN_INFINITE_RECURSION = YES;
				CLANG_WARN_INT_CONVERSION = YES;
				CLANG_WARN_NON_LITERAL_NULL_CONVERSION = YES;
				CLANG_WARN_OBJC_LITERAL_CONVERSION = YES;
				CLANG_WARN_OBJC_ROOT_CLASS = YES_ERROR;
				CLANG_WARN_RANGE_LOOP_ANALYSIS = YES;
				CLANG_WARN_STRICT_PROTOTYPES = YES;
				CLANG_WARN_SUSPICIOUS_MOVE = YES;
				CLANG_WARN_UNGUARDED_AVAILABILITY = YES_AGGRESSIVE;
				CLANG_WARN_UNREACHABLE_CODE = YES;
				CLANG_WARN__DUPLICATE_METHOD_MATCH = YES;
				CODE_SIGN_IDENTITY = "iPhone Developer";
				COPY_PHASE_STRIP = NO;
				DEBUG_INFORMATION_FORMAT = dwarf;
				ENABLE_STRICT_OBJC_MSGSEND = YES;
				ENABLE_TESTABILITY = YES;
				GCC_C_LANGUAGE_STANDARD = gnu11;
				GCC_DYNAMIC_NO_PIC = NO;
				GCC_NO_COMMON_BLOCKS = YES;
				GCC_OPTIMIZATION_LEVEL = 0;
				GCC_PREPROCESSOR_DEFINITIONS = (
					"DEBUG=1",
					"$(inherited)",
				);
				GCC_WARN_64_TO_32_BIT_CONVERSION = YES;
				GCC_WARN_ABOUT_RETURN_TYPE = YES_ERROR;
				GCC_WARN_UNDECLARED_SELECTOR = YES;
				GCC_WARN_UNINITIALIZED_AUTOS = YES_AGGRESSIVE;
				GCC_WARN_UNUSED_FUNCTION = YES;
				GCC_WARN_UNUSED_VARIABLE = YES;
				IPHONEOS_DEPLOYMENT_TARGET = 11.2;
				MTL_ENABLE_DEBUG_INFO = YES;
				ONLY_ACTIVE_ARCH = YES;
				SDKROOT = iphoneos;
				SWIFT_ACTIVE_COMPILATION_CONDITIONS = DEBUG;
				SWIFT_OPTIMIZATION_LEVEL = "-Onone";
			};
			name = Debug;
		};
		60F8DF501FFBB5C0009A2CDD /* Release */ = {
			isa = XCBuildConfiguration;
			buildSettings = {
				ALWAYS_SEARCH_USER_PATHS = NO;
				CLANG_ANALYZER_NONNULL = YES;
				CLANG_ANALYZER_NUMBER_OBJECT_CONVERSION = YES_AGGRESSIVE;
				CLANG_CXX_LANGUAGE_STANDARD = "gnu++14";
				CLANG_CXX_LIBRARY = "libc++";
				CLANG_ENABLE_MODULES = YES;
				CLANG_ENABLE_OBJC_ARC = YES;
				CLANG_WARN_BLOCK_CAPTURE_AUTORELEASING = YES;
				CLANG_WARN_BOOL_CONVERSION = YES;
				CLANG_WARN_COMMA = YES;
				CLANG_WARN_CONSTANT_CONVERSION = YES;
				CLANG_WARN_DIRECT_OBJC_ISA_USAGE = YES_ERROR;
				CLANG_WARN_DOCUMENTATION_COMMENTS = YES;
				CLANG_WARN_EMPTY_BODY = YES;
				CLANG_WARN_ENUM_CONVERSION = YES;
				CLANG_WARN_INFINITE_RECURSION = YES;
				CLANG_WARN_INT_CONVERSION = YES;
				CLANG_WARN_NON_LITERAL_NULL_CONVERSION = YES;
				CLANG_WARN_OBJC_LITERAL_CONVERSION = YES;
				CLANG_WARN_OBJC_ROOT_CLASS = YES_ERROR;
				CLANG_WARN_RANGE_LOOP_ANALYSIS = YES;
				CLANG_WARN_STRICT_PROTOTYPES = YES;
				CLANG_WARN_SUSPICIOUS_MOVE = YES;
				CLANG_WARN_UNGUARDED_AVAILABILITY = YES_AGGRESSIVE;
				CLANG_WARN_UNREACHABLE_CODE = YES;
				CLANG_WARN__DUPLICATE_METHOD_MATCH = YES;
				CODE_SIGN_IDENTITY = "iPhone Developer";
				COPY_PHASE_STRIP = NO;
				DEBUG_INFORMATION_FORMAT = "dwarf-with-dsym";
				ENABLE_NS_ASSERTIONS = NO;
				ENABLE_STRICT_OBJC_MSGSEND = YES;
				GCC_C_LANGUAGE_STANDARD = gnu11;
				GCC_NO_COMMON_BLOCKS = YES;
				GCC_WARN_64_TO_32_BIT_CONVERSION = YES;
				GCC_WARN_ABOUT_RETURN_TYPE = YES_ERROR;
				GCC_WARN_UNDECLARED_SELECTOR = YES;
				GCC_WARN_UNINITIALIZED_AUTOS = YES_AGGRESSIVE;
				GCC_WARN_UNUSED_FUNCTION = YES;
				GCC_WARN_UNUSED_VARIABLE = YES;
				IPHONEOS_DEPLOYMENT_TARGET = 11.2;
				MTL_ENABLE_DEBUG_INFO = NO;
				SDKROOT = iphoneos;
				SWIFT_OPTIMIZATION_LEVEL = "-Owholemodule";
				VALIDATE_PRODUCT = YES;
			};
			name = Release;
		};
		60F8DF521FFBB5C0009A2CDD /* Debug */ = {
			isa = XCBuildConfiguration;
			buildSettings = {
				ASSETCATALOG_COMPILER_APPICON_NAME = AppIcon;
				CODE_SIGN_STYLE = Automatic;
				DEVELOPMENT_TEAM = GBFG29DUZF;
				INFOPLIST_FILE = SnakeGame/Info.plist;
				LD_RUNPATH_SEARCH_PATHS = "$(inherited) @executable_path/Frameworks";
				PRODUCT_BUNDLE_IDENTIFIER = Dido.SnakeGame;
				PRODUCT_NAME = "$(TARGET_NAME)";
				SWIFT_VERSION = 4.0;
				TARGETED_DEVICE_FAMILY = "1,2";
			};
			name = Debug;
		};
		60F8DF531FFBB5C0009A2CDD /* Release */ = {
			isa = XCBuildConfiguration;
			buildSettings = {
				ASSETCATALOG_COMPILER_APPICON_NAME = AppIcon;
				CODE_SIGN_STYLE = Automatic;
				DEVELOPMENT_TEAM = GBFG29DUZF;
				INFOPLIST_FILE = SnakeGame/Info.plist;
				LD_RUNPATH_SEARCH_PATHS = "$(inherited) @executable_path/Frameworks";
				PRODUCT_BUNDLE_IDENTIFIER = Dido.SnakeGame;
				PRODUCT_NAME = "$(TARGET_NAME)";
				SWIFT_VERSION = 4.0;
				TARGETED_DEVICE_FAMILY = "1,2";
			};
			name = Release;
		};
		60F8DF551FFBB5C0009A2CDD /* Debug */ = {
			isa = XCBuildConfiguration;
			buildSettings = {
				ALWAYS_EMBED_SWIFT_STANDARD_LIBRARIES = YES;
				BUNDLE_LOADER = "$(TEST_HOST)";
				CODE_SIGN_STYLE = Automatic;
				INFOPLIST_FILE = SnakeGameTests/Info.plist;
				LD_RUNPATH_SEARCH_PATHS = "$(inherited) @executable_path/Frameworks @loader_path/Frameworks";
				PRODUCT_BUNDLE_IDENTIFIER = Dido.SnakeGameTests;
				PRODUCT_NAME = "$(TARGET_NAME)";
				SWIFT_VERSION = 4.0;
				TARGETED_DEVICE_FAMILY = "1,2";
				TEST_HOST = "$(BUILT_PRODUCTS_DIR)/SnakeGame.app/SnakeGame";
			};
			name = Debug;
		};
		60F8DF561FFBB5C0009A2CDD /* Release */ = {
			isa = XCBuildConfiguration;
			buildSettings = {
				ALWAYS_EMBED_SWIFT_STANDARD_LIBRARIES = YES;
				BUNDLE_LOADER = "$(TEST_HOST)";
				CODE_SIGN_STYLE = Automatic;
				INFOPLIST_FILE = SnakeGameTests/Info.plist;
				LD_RUNPATH_SEARCH_PATHS = "$(inherited) @executable_path/Frameworks @loader_path/Frameworks";
				PRODUCT_BUNDLE_IDENTIFIER = Dido.SnakeGameTests;
				PRODUCT_NAME = "$(TARGET_NAME)";
				SWIFT_VERSION = 4.0;
				TARGETED_DEVICE_FAMILY = "1,2";
				TEST_HOST = "$(BUILT_PRODUCTS_DIR)/SnakeGame.app/SnakeGame";
			};
			name = Release;
		};
		60F8DF581FFBB5C0009A2CDD /* Debug */ = {
			isa = XCBuildConfiguration;
			buildSettings = {
				ALWAYS_EMBED_SWIFT_STANDARD_LIBRARIES = YES;
				CODE_SIGN_STYLE = Automatic;
				INFOPLIST_FILE = SnakeGameUITests/Info.plist;
				LD_RUNPATH_SEARCH_PATHS = "$(inherited) @executable_path/Frameworks @loader_path/Frameworks";
				PRODUCT_BUNDLE_IDENTIFIER = Dido.SnakeGameUITests;
				PRODUCT_NAME = "$(TARGET_NAME)";
				SWIFT_VERSION = 4.0;
				TARGETED_DEVICE_FAMILY = "1,2";
				TEST_TARGET_NAME = SnakeGame;
			};
			name = Debug;
		};
		60F8DF591FFBB5C0009A2CDD /* Release */ = {
			isa = XCBuildConfiguration;
			buildSettings = {
				ALWAYS_EMBED_SWIFT_STANDARD_LIBRARIES = YES;
				CODE_SIGN_STYLE = Automatic;
				INFOPLIST_FILE = SnakeGameUITests/Info.plist;
				LD_RUNPATH_SEARCH_PATHS = "$(inherited) @executable_path/Frameworks @loader_path/Frameworks";
				PRODUCT_BUNDLE_IDENTIFIER = Dido.SnakeGameUITests;
				PRODUCT_NAME = "$(TARGET_NAME)";
				SWIFT_VERSION = 4.0;
				TARGETED_DEVICE_FAMILY = "1,2";
				TEST_TARGET_NAME = SnakeGame;
			};
			name = Release;
		};
/* End XCBuildConfiguration section */

/* Begin XCConfigurationList section */
		60F8DF241FFBB5C0009A2CDD /* Build configuration list for PBXProject "SnakeGame" */ = {
			isa = XCConfigurationList;
			buildConfigurations = (
				60F8DF4F1FFBB5C0009A2CDD /* Debug */,
				60F8DF501FFBB5C0009A2CDD /* Release */,
			);
			defaultConfigurationIsVisible = 0;
			defaultConfigurationName = Release;
		};
		60F8DF511FFBB5C0009A2CDD /* Build configuration list for PBXNativeTarget "SnakeGame" */ = {
			isa = XCConfigurationList;
			buildConfigurations = (
				60F8DF521FFBB5C0009A2CDD /* Debug */,
				60F8DF531FFBB5C0009A2CDD /* Release */,
			);
			defaultConfigurationIsVisible = 0;
			defaultConfigurationName = Release;
		};
		60F8DF541FFBB5C0009A2CDD /* Build configuration list for PBXNativeTarget "SnakeGameTests" */ = {
			isa = XCConfigurationList;
			buildConfigurations = (
				60F8DF551FFBB5C0009A2CDD /* Debug */,
				60F8DF561FFBB5C0009A2CDD /* Release */,
			);
			defaultConfigurationIsVisible = 0;
			defaultConfigurationName = Release;
		};
		60F8DF571FFBB5C0009A2CDD /* Build configuration list for PBXNativeTarget "SnakeGameUITests" */ = {
			isa = XCConfigurationList;
			buildConfigurations = (
				60F8DF581FFBB5C0009A2CDD /* Debug */,
				60F8DF591FFBB5C0009A2CDD /* Release */,
			);
			defaultConfigurationIsVisible = 0;
			defaultConfigurationName = Release;
		};
/* End XCConfigurationList section */
	};
	rootObject = 60F8DF211FFBB5C0009A2CDD /* Project object */;
}
